lockfileVersion: '9.0'

settings:
  autoInstallPeers: true
  excludeLinksFromLockfile: false

importers:

  .:
    devDependencies:
      '@biomejs/biome':
        specifier: ^1.8.3
        version: 1.8.3
      '@clack/prompts':
        specifier: ^0.7.0
        version: 0.7.0
      '@rslib/core':
        specifier: 0.0.3
        version: 0.0.3(typescript@5.5.4)
      '@types/minimist':
        specifier: ^1.2.5
        version: 1.2.5
      '@types/node':
        specifier: 18.x
        version: 18.19.47
      deepmerge:
        specifier: ^4.3.1
        version: 4.3.1
      minimist:
        specifier: ^1.2.8
        version: 1.2.8
      rslog:
        specifier: ^1.2.2
        version: 1.2.2
      simple-git-hooks:
        specifier: ^2.11.1
        version: 2.11.1
      typescript:
        specifier: ^5.5.2
        version: 5.5.4

packages:

  '@biomejs/biome@1.8.3':
    resolution: {integrity: sha512-/uUV3MV+vyAczO+vKrPdOW0Iaet7UnJMU4bNMinggGJTAnBPjCoLEYcyYtYHNnUNYlv4xZMH6hVIQCAozq8d5w==}
    engines: {node: '>=14.21.3'}
    hasBin: true

  '@biomejs/cli-darwin-arm64@1.8.3':
    resolution: {integrity: sha512-9DYOjclFpKrH/m1Oz75SSExR8VKvNSSsLnVIqdnKexj6NwmiMlKk94Wa1kZEdv6MCOHGHgyyoV57Cw8WzL5n3A==}
    engines: {node: '>=14.21.3'}
    cpu: [arm64]
    os: [darwin]

  '@biomejs/cli-darwin-x64@1.8.3':
    resolution: {integrity: sha512-UeW44L/AtbmOF7KXLCoM+9PSgPo0IDcyEUfIoOXYeANaNXXf9mLUwV1GeF2OWjyic5zj6CnAJ9uzk2LT3v/wAw==}
    engines: {node: '>=14.21.3'}
    cpu: [x64]
    os: [darwin]

  '@biomejs/cli-linux-arm64-musl@1.8.3':
    resolution: {integrity: sha512-9yjUfOFN7wrYsXt/T/gEWfvVxKlnh3yBpnScw98IF+oOeCYb5/b/+K7YNqKROV2i1DlMjg9g/EcN9wvj+NkMuQ==}
    engines: {node: '>=14.21.3'}
    cpu: [arm64]
    os: [linux]

  '@biomejs/cli-linux-arm64@1.8.3':
    resolution: {integrity: sha512-fed2ji8s+I/m8upWpTJGanqiJ0rnlHOK3DdxsyVLZQ8ClY6qLuPc9uehCREBifRJLl/iJyQpHIRufLDeotsPtw==}
    engines: {node: '>=14.21.3'}
    cpu: [arm64]
    os: [linux]

  '@biomejs/cli-linux-x64-musl@1.8.3':
    resolution: {integrity: sha512-UHrGJX7PrKMKzPGoEsooKC9jXJMa28TUSMjcIlbDnIO4EAavCoVmNQaIuUSH0Ls2mpGMwUIf+aZJv657zfWWjA==}
    engines: {node: '>=14.21.3'}
    cpu: [x64]
    os: [linux]

  '@biomejs/cli-linux-x64@1.8.3':
    resolution: {integrity: sha512-I8G2QmuE1teISyT8ie1HXsjFRz9L1m5n83U1O6m30Kw+kPMPSKjag6QGUn+sXT8V+XWIZxFFBoTDEDZW2KPDDw==}
    engines: {node: '>=14.21.3'}
    cpu: [x64]
    os: [linux]

  '@biomejs/cli-win32-arm64@1.8.3':
    resolution: {integrity: sha512-J+Hu9WvrBevfy06eU1Na0lpc7uR9tibm9maHynLIoAjLZpQU3IW+OKHUtyL8p6/3pT2Ju5t5emReeIS2SAxhkQ==}
    engines: {node: '>=14.21.3'}
    cpu: [arm64]
    os: [win32]

  '@biomejs/cli-win32-x64@1.8.3':
    resolution: {integrity: sha512-/PJ59vA1pnQeKahemaQf4Nyj7IKUvGQSc3Ze1uIGi+Wvr1xF7rGobSrAAG01T/gUDG21vkDsZYM03NAmPiVkqg==}
    engines: {node: '>=14.21.3'}
    cpu: [x64]
    os: [win32]

  '@clack/core@0.3.4':
    resolution: {integrity: sha512-H4hxZDXgHtWTwV3RAVenqcC4VbJZNegbBjlPvzOzCouXtS2y3sDvlO3IsbrPNWuLWPPlYVYPghQdSF64683Ldw==}

  '@clack/prompts@0.7.0':
    resolution: {integrity: sha512-0MhX9/B4iL6Re04jPrttDm+BsP8y6mS7byuv0BvXgdXhbV5PdlsHt55dvNsuBCPZ7xq1oTAOOuotR9NFbQyMSA==}
    bundledDependencies:
      - is-unicode-supported

  '@module-federation/runtime-tools@0.5.1':
    resolution: {integrity: sha512-nfBedkoZ3/SWyO0hnmaxuz0R0iGPSikHZOAZ0N/dVSQaIzlffUo35B5nlC2wgWIc0JdMZfkwkjZRrnuuDIJbzg==}

  '@module-federation/runtime@0.5.1':
    resolution: {integrity: sha512-xgiMUWwGLWDrvZc9JibuEbXIbhXg6z2oUkemogSvQ4LKvrl/n0kbqP1Blk669mXzyWbqtSp6PpvNdwaE1aN5xQ==}

  '@module-federation/sdk@0.5.1':
    resolution: {integrity: sha512-exvchtjNURJJkpqjQ3/opdbfeT2wPKvrbnGnyRkrwW5o3FH1LaST1tkiNviT6OXTexGaVc2DahbdniQHVtQ7pA==}

  '@module-federation/webpack-bundler-runtime@0.5.1':
    resolution: {integrity: sha512-mMhRFH0k2VjwHt3Jol9JkUsmI/4XlrAoBG3E0o7HoyoPYv1UFOWyqAflfANcUPgbYpvqmyLzDcO+3IT36LXnrA==}

  '@nodelib/fs.scandir@2.1.5':
    resolution: {integrity: sha512-vq24Bq3ym5HEQm2NKCr3yXDwjc7vTsEThRDnkp2DK9p1uqLR+DHurm/NOTo0KG7HYHU7eppKZj3MyqYuMBf62g==}
    engines: {node: '>= 8'}

  '@nodelib/fs.stat@2.0.5':
    resolution: {integrity: sha512-RkhPPp2zrqDAQA/2jNhnztcPAlv64XdhIp7a7454A5ovI7Bukxgt7MX7udwAu3zg1DcpPU0rz3VV1SeaqvY4+A==}
    engines: {node: '>= 8'}

  '@nodelib/fs.walk@1.2.8':
    resolution: {integrity: sha512-oGB+UxlgWcgQkgwo8GcEGwemoTFt3FIO9ababBmaGwXIoBKZ+GTy0pP185beGg7Llih/NSHSV2XAs1lnznocSg==}
    engines: {node: '>= 8'}

  '@rsbuild/core@1.0.1-beta.16':
    resolution: {integrity: sha512-/0s6E3bKqyxUby2X4H11xQppuXpPWqZzPWkynUX19o9T2K7FuPw5cyuE0iL3f2XlGucmgftSn06Am5HsQV+A+w==}
    engines: {node: '>=16.7.0'}
    hasBin: true

  '@rslib/core@0.0.3':
    resolution: {integrity: sha512-QtLhmqBn64VvRo8/7L+Xm001XhUVgEE6PMX6KupzD4A499gBjVvk5aUgShuXOou2yLL4/tGaHNBP9x8f70zhzg==}
    engines: {node: '>=16.0.0'}
    hasBin: true
    peerDependencies:
      '@microsoft/api-extractor': ^7
      typescript: ^5
    peerDependenciesMeta:
      '@microsoft/api-extractor':
        optional: true
      typescript:
        optional: true

  '@rspack/binding-darwin-arm64@1.0.0-rc.0':
    resolution: {integrity: sha512-4S/+q8HN69ErWUjGDePExqiNuKIEGYKEoT+91+Wz55jQV4NY1mNGRojKVKjZkz7MvbPEZ1howtpDcHuUE2+QhQ==}
    cpu: [arm64]
    os: [darwin]

  '@rspack/binding-darwin-x64@1.0.0-rc.0':
    resolution: {integrity: sha512-IN96SG6yRz4JwlzuNrhdApEg4J2UI9S8uD38vrJvH9TOO/Dv1puL82EpqTYBZYfbaddZsiZG9+5LNnsU9OEXJg==}
    cpu: [x64]
    os: [darwin]

  '@rspack/binding-linux-arm64-gnu@1.0.0-rc.0':
    resolution: {integrity: sha512-gqURooSNYGlwvgLE1xu8rz68E4Mfa2MONGTNMkre5aIYX2ZOd/MKGaB/R062Oj/78BIHmIGWcoz5GnBxBwToyw==}
    cpu: [arm64]
    os: [linux]

  '@rspack/binding-linux-arm64-musl@1.0.0-rc.0':
    resolution: {integrity: sha512-302IJXw7F4YpHUEVJA2bkzlNfYp26jKXIddHpG4A3diw0/+5w1C4eDGrC9kuq642kFtu4nwP/8rjP0090/Orxw==}
    cpu: [arm64]
    os: [linux]

  '@rspack/binding-linux-x64-gnu@1.0.0-rc.0':
    resolution: {integrity: sha512-VsHzd7iAwZA3j48PSj9beKva9wqde1BP2K3AF0aZe7amQoatG57YZtiOthZSWyDlwEm7VCuE6/4Jgf8vOQJX2g==}
    cpu: [x64]
    os: [linux]

  '@rspack/binding-linux-x64-musl@1.0.0-rc.0':
    resolution: {integrity: sha512-M6/SC33xWdlV2pmR3O3MrhfBZBpicMCl+GrJ0MXFb9ziC7auuuLfMmfqMakorphfL2yOOwSfcfZF8V2iiYoENw==}
    cpu: [x64]
    os: [linux]

  '@rspack/binding-win32-arm64-msvc@1.0.0-rc.0':
    resolution: {integrity: sha512-ob510ObXoIBAMjPE8iBwvhWQ8Hd4v7bJSgImUBhSGExYI+z8b/gl8tNg8y1fttLtNO8j05rj9QFsGcZmv89Zsg==}
    cpu: [arm64]
    os: [win32]

  '@rspack/binding-win32-ia32-msvc@1.0.0-rc.0':
    resolution: {integrity: sha512-1A+3JorREQJqBcTLEY0LhGMb5B3Qlz/LmRr3K+gNBZinscZU+DKiDnZkSGdn8FuCn40E39T8V4i73mxQCqVuvQ==}
    cpu: [ia32]
    os: [win32]

  '@rspack/binding-win32-x64-msvc@1.0.0-rc.0':
    resolution: {integrity: sha512-t6E4t668CvP+DqNDluYJMivrDtFZ0iQhUYxXd0UUhDSwXKTbGW2tOwBXGaZ3gzj9OpqWCUVJ3pqP11KiBckorw==}
    cpu: [x64]
    os: [win32]

  '@rspack/binding@1.0.0-rc.0':
    resolution: {integrity: sha512-mx0x4ho0ndHpOnSjAEOoQZohTqJLYOl4hLEvQLEnXIPTdMjZtpiLUyuyKtzv6DrXDV5La3bsZuzbcdMyqkSWpg==}

  '@rspack/core@1.0.0-rc.0':
    resolution: {integrity: sha512-sxS6QfVm7FbuKIYai8CyxMv5WH3MVdQmowVEqIZ/Fa8+PX17/sO5dg8tAFYAEzpCe/4dC93eYh9APr3Vc4ditQ==}
    engines: {node: '>=16.0.0'}
    peerDependencies:
      '@swc/helpers': '>=0.5.1'
    peerDependenciesMeta:
      '@swc/helpers':
        optional: true

  '@rspack/lite-tapable@1.0.0':
    resolution: {integrity: sha512-7MZf4lburSUZoEenwazwUDKHhqyfnLCGnQ/tKcUtztfmVzfjZfRn/EaiT0AKkYGnL2U8AGsw89oUeVyvaOLVCw==}
    engines: {node: '>=16.0.0'}

  '@swc/helpers@0.5.12':
    resolution: {integrity: sha512-KMZNXiGibsW9kvZAO1Pam2JPTDBm+KSHMMHWdsyI/1DbIZjT2A6Gy3hblVXUMEDvUAKq+e0vL0X0o54owWji7g==}

  '@types/minimist@1.2.5':
    resolution: {integrity: sha512-hov8bUuiLiyFPGyFPE1lwWhmzYbirOXQNNo40+y3zow8aFVTeyn3VWL0VFFfdNddA8S4Vf0Tc062rzyNr7Paag==}

  '@types/node@18.19.47':
    resolution: {integrity: sha512-1f7dB3BL/bpd9tnDJrrHb66Y+cVrhxSOTGorRNdHwYTUlTay3HuTDPKo9a/4vX9pMQkhYBcAbL4jQdNlhCFP9A==}

  braces@3.0.3:
    resolution: {integrity: sha512-yQbXgO/OSZVD2IsiLlro+7Hf6Q18EJrKSEsdoMzKePKXct3gvD8oLcOQdIzGupr5Fj+EDe8gO/lxc1BzfMpxvA==}
    engines: {node: '>=8'}

  caniuse-lite@1.0.30001653:
    resolution: {integrity: sha512-XGWQVB8wFQ2+9NZwZ10GxTYC5hk0Fa+q8cSkr0tgvMhYhMHP/QC+WTgrePMDBWiWc/pV+1ik82Al20XOK25Gcw==}

  core-js@3.38.1:
    resolution: {integrity: sha512-OP35aUorbU3Zvlx7pjsFdu1rGNnD4pgw/CWoYzRY3t2EzoVT7shKHY1dlAy3f41cGIO7ZDPQimhGFTlEYkG/Hw==}

  deepmerge@4.3.1:
    resolution: {integrity: sha512-3sUqbMEc77XqpdNO7FRyRog+eW3ph+GYCbj+rK+uYyRMuwsVy0rMiVtPn+QJlKFvWP/1PYpapqYn0Me2knFn+A==}
    engines: {node: '>=0.10.0'}

  fast-glob@3.3.2:
    resolution: {integrity: sha512-oX2ruAFQwf/Orj8m737Y5adxDQO0LAB7/S5MnxCdTNDd4p6BsyIVsv9JQsATbTSq8KHRpLwIHbVlUNatxd+1Ow==}
    engines: {node: '>=8.6.0'}

  fastq@1.17.1:
    resolution: {integrity: sha512-sRVD3lWVIXWg6By68ZN7vho9a1pQcN/WBFaAAsDDFzlJjvoGx0P8z7V1t72grFJfJhu3YPZBuu25f7Kaw2jN1w==}

  fill-range@7.1.1:
    resolution: {integrity: sha512-YsGpe3WHLK8ZYi4tWDg2Jy3ebRz2rXowDxnld4bkQB00cc/1Zw9AWnC0i9ztDJitivtQvaI9KaLyKrc+hBW0yg==}
    engines: {node: '>=8'}

  fsevents@2.3.3:
    resolution: {integrity: sha512-5xoDfX+fL7faATnagmWPpbFtwh/R77WmMMqqHGS65C3vvB0YHrgF+B1YmZ3441tMj5n63k0212XNoJwzlhffQw==}
    engines: {node: ^8.16.0 || ^10.6.0 || >=11.0.0}
    os: [darwin]

  glob-parent@5.1.2:
    resolution: {integrity: sha512-AOIgSQCepiJYwP3ARnGx+5VnTu2HBYdzbGP45eLw1vr3zB3vZLeyed1sC9hnbcOc9/SrMyM5RPQrkGz4aS9Zow==}
    engines: {node: '>= 6'}

  is-extglob@2.1.1:
    resolution: {integrity: sha512-SbKbANkN603Vi4jEZv49LeVJMn4yGwsbzZworEoyEiutsN3nJYdbO36zfhGJ6QEDpOZIFkDtnq5JRxmvl3jsoQ==}
    engines: {node: '>=0.10.0'}

  is-glob@4.0.3:
    resolution: {integrity: sha512-xelSayHH36ZgE7ZWhli7pW34hNbNl8Ojv5KVmkJD4hBdD3th8Tfk9vYasLM+mXWOZhFkgZfxhLSnrwRr4elSSg==}
    engines: {node: '>=0.10.0'}

  is-number@7.0.0:
    resolution: {integrity: sha512-41Cifkg6e8TylSpdtTpeLVMqvSBEVzTttHvERD741+pnZ8ANv0004MRL43QKPDlK9cGvNp6NZWZUBlbGXYxxng==}
    engines: {node: '>=0.12.0'}

  merge2@1.4.1:
    resolution: {integrity: sha512-8q7VEgMJW4J8tcfVPy8g09NcQwZdbwFEqhe/WZkoIzjn/3TGDwtOCYtXGxA3O8tPzpczCCDgv+P2P5y00ZJOOg==}
    engines: {node: '>= 8'}

  micromatch@4.0.8:
    resolution: {integrity: sha512-PXwfBhYu0hBCPw8Dn0E+WDYb7af3dSLVWKi3HGv84IdF4TyFoC0ysxFd0Goxw7nSv4T/PzEJQxsYsEiFCKo2BA==}
    engines: {node: '>=8.6'}

  minimist@1.2.8:
    resolution: {integrity: sha512-2yyAR8qBkN3YuheJanUpWC5U3bb5osDywNB8RzDVlDwDHbocAJveqqj1u8+SVD7jkWT4yvsHCpWqqWqAxb0zCA==}

  picocolors@1.0.1:
    resolution: {integrity: sha512-anP1Z8qwhkbmu7MFP5iTt+wQKXgwzf7zTyGlcdzabySa9vd0Xt392U0rVmz9poOaBj0uHJKyyo9/upk0HrEQew==}

  picomatch@2.3.1:
    resolution: {integrity: sha512-JU3teHTNjmE2VCGFzuY8EXzCDVwEqB2a8fsIvwaStHhAWJEeVd1o1QD80CU6+ZdEXXSLbSsuLwJjkCBWqRQUVA==}
    engines: {node: '>=8.6'}

  queue-microtask@1.2.3:
    resolution: {integrity: sha512-NuaNSa6flKT5JaSYQzJok04JzTL1CA6aGhv5rfLW3PgqA+M2ChpZQnAC8h8i4ZFkBS8X5RqkDBHA7r4hej3K9A==}

  reusify@1.0.4:
    resolution: {integrity: sha512-U9nH88a3fc/ekCF1l0/UP1IosiuIjyTh7hBvXVMHYgVcfGvt897Xguj2UOLDeI5BG2m7/uwyaLVT6fbtCwTyzw==}
    engines: {iojs: '>=1.0.0', node: '>=0.10.0'}

  rsbuild-plugin-dts@0.0.3:
    resolution: {integrity: sha512-61qs3CMkP/kWAchghCw1Oj/JQJhxXC2K/UgNKrNYdy4x6jb4x/SububXKJmGS77rNR+tztOVNHrDwX4FTL2weA==}
    engines: {node: '>=16.0.0'}
    peerDependencies:
      '@microsoft/api-extractor': ^7
      '@rsbuild/core': 1.x
      typescript: ^5
    peerDependenciesMeta:
      '@microsoft/api-extractor':
        optional: true
      typescript:
        optional: true

  rslog@1.2.2:
    resolution: {integrity: sha512-tZP8KjrI1nz6qOYCrFxAV7cfmfS2GV94jotU2zOmF/6ByO1zNvGR6/+0inylpjqyBjAdnnutTUW0m4th06bSTw==}
    engines: {node: '>=14.17.6'}

  run-parallel@1.2.0:
    resolution: {integrity: sha512-5l4VyZR86LZ/lDxZTR6jqL8AFE2S0IFLMP26AbjsLVADxHdhB/c0GUsH+y39UfCi3dzz8OlQuPmnaJOMoDHQBA==}

  simple-git-hooks@2.11.1:
    resolution: {integrity: sha512-tgqwPUMDcNDhuf1Xf6KTUsyeqGdgKMhzaH4PAZZuzguOgTl5uuyeYe/8mWgAr6IBxB5V06uqEf6Dy37gIWDtDg==}
    hasBin: true

  sisteransi@1.0.5:
    resolution: {integrity: sha512-bLGGlR1QxBcynn2d5YmDX4MGjlZvy2MRBDRNHLJ8VI6l6+9FUiyTFNJ0IveOSP0bcXgVDPRcfGqA0pjaqUpfVg==}

  to-regex-range@5.0.1:
    resolution: {integrity: sha512-65P7iz6X5yEr1cwcgvQxbbIw7Uk3gOy5dIdtZ4rDveLqhrdJP+Li/Hx6tyK0NEb+2GCyneCMJiGqrADCSNk8sQ==}
    engines: {node: '>=8.0'}

  tslib@2.7.0:
    resolution: {integrity: sha512-gLXCKdN1/j47AiHiOkJN69hJmcbGTHI0ImLmbYLHykhgeN0jVGola9yVjFgzCUklsZQMW55o+dW7IXv3RCXDzA==}

  typescript@5.5.4:
    resolution: {integrity: sha512-Mtq29sKDAEYP7aljRgtPOpTvOfbwRWlS6dPRzwjdE+C0R4brX/GUyhHSecbHMFLNBLcJIPt9nl9yG5TZ1weH+Q==}
    engines: {node: '>=14.17'}
    hasBin: true

  undici-types@5.26.5:
    resolution: {integrity: sha512-JlCMO+ehdEIKqlFxk6IfVoAUVmgz7cU7zD/h9XZ0qzeosSHmUJVOzSQvvYSYWXkFXC+IfLKSIffhv0sVZup6pA==}

snapshots:

  '@biomejs/biome@1.8.3':
    optionalDependencies:
      '@biomejs/cli-darwin-arm64': 1.8.3
      '@biomejs/cli-darwin-x64': 1.8.3
      '@biomejs/cli-linux-arm64': 1.8.3
      '@biomejs/cli-linux-arm64-musl': 1.8.3
      '@biomejs/cli-linux-x64': 1.8.3
      '@biomejs/cli-linux-x64-musl': 1.8.3
      '@biomejs/cli-win32-arm64': 1.8.3
      '@biomejs/cli-win32-x64': 1.8.3

  '@biomejs/cli-darwin-arm64@1.8.3':
    optional: true

  '@biomejs/cli-darwin-x64@1.8.3':
    optional: true

  '@biomejs/cli-linux-arm64-musl@1.8.3':
    optional: true

  '@biomejs/cli-linux-arm64@1.8.3':
    optional: true

  '@biomejs/cli-linux-x64-musl@1.8.3':
    optional: true

  '@biomejs/cli-linux-x64@1.8.3':
    optional: true

  '@biomejs/cli-win32-arm64@1.8.3':
    optional: true

  '@biomejs/cli-win32-x64@1.8.3':
    optional: true

  '@clack/core@0.3.4':
    dependencies:
      picocolors: 1.0.1
      sisteransi: 1.0.5

  '@clack/prompts@0.7.0':
    dependencies:
      '@clack/core': 0.3.4
      picocolors: 1.0.1
      sisteransi: 1.0.5

  '@module-federation/runtime-tools@0.5.1':
    dependencies:
      '@module-federation/runtime': 0.5.1
      '@module-federation/webpack-bundler-runtime': 0.5.1

  '@module-federation/runtime@0.5.1':
    dependencies:
      '@module-federation/sdk': 0.5.1

  '@module-federation/sdk@0.5.1': {}

  '@module-federation/webpack-bundler-runtime@0.5.1':
    dependencies:
      '@module-federation/runtime': 0.5.1
      '@module-federation/sdk': 0.5.1

  '@nodelib/fs.scandir@2.1.5':
    dependencies:
      '@nodelib/fs.stat': 2.0.5
      run-parallel: 1.2.0

  '@nodelib/fs.stat@2.0.5': {}

  '@nodelib/fs.walk@1.2.8':
    dependencies:
      '@nodelib/fs.scandir': 2.1.5
      fastq: 1.17.1

  '@rsbuild/core@1.0.1-beta.16':
    dependencies:
      '@rspack/core': 1.0.0-rc.0(@swc/helpers@0.5.12)
      '@rspack/lite-tapable': 1.0.0
      '@swc/helpers': 0.5.12
      caniuse-lite: 1.0.30001653
      core-js: 3.38.1
    optionalDependencies:
      fsevents: 2.3.3

  '@rslib/core@0.0.3(typescript@5.5.4)':
    dependencies:
      '@rsbuild/core': 1.0.1-beta.16
      rsbuild-plugin-dts: 0.0.3(@rsbuild/core@1.0.1-beta.16)(typescript@5.5.4)
    optionalDependencies:
      typescript: 5.5.4

  '@rspack/binding-darwin-arm64@1.0.0-rc.0':
    optional: true

  '@rspack/binding-darwin-x64@1.0.0-rc.0':
    optional: true

  '@rspack/binding-linux-arm64-gnu@1.0.0-rc.0':
    optional: true

  '@rspack/binding-linux-arm64-musl@1.0.0-rc.0':
    optional: true

  '@rspack/binding-linux-x64-gnu@1.0.0-rc.0':
    optional: true

  '@rspack/binding-linux-x64-musl@1.0.0-rc.0':
    optional: true

  '@rspack/binding-win32-arm64-msvc@1.0.0-rc.0':
    optional: true

  '@rspack/binding-win32-ia32-msvc@1.0.0-rc.0':
    optional: true

  '@rspack/binding-win32-x64-msvc@1.0.0-rc.0':
    optional: true

  '@rspack/binding@1.0.0-rc.0':
    optionalDependencies:
      '@rspack/binding-darwin-arm64': 1.0.0-rc.0
      '@rspack/binding-darwin-x64': 1.0.0-rc.0
      '@rspack/binding-linux-arm64-gnu': 1.0.0-rc.0
      '@rspack/binding-linux-arm64-musl': 1.0.0-rc.0
      '@rspack/binding-linux-x64-gnu': 1.0.0-rc.0
      '@rspack/binding-linux-x64-musl': 1.0.0-rc.0
      '@rspack/binding-win32-arm64-msvc': 1.0.0-rc.0
      '@rspack/binding-win32-ia32-msvc': 1.0.0-rc.0
      '@rspack/binding-win32-x64-msvc': 1.0.0-rc.0

  '@rspack/core@1.0.0-rc.0(@swc/helpers@0.5.12)':
    dependencies:
      '@module-federation/runtime-tools': 0.5.1
      '@rspack/binding': 1.0.0-rc.0
      '@rspack/lite-tapable': 1.0.0
      caniuse-lite: 1.0.30001653
    optionalDependencies:
      '@swc/helpers': 0.5.12

  '@rspack/lite-tapable@1.0.0': {}

  '@swc/helpers@0.5.12':
    dependencies:
      tslib: 2.7.0

  '@types/minimist@1.2.5': {}

  '@types/node@18.19.47':
    dependencies:
      undici-types: 5.26.5

  braces@3.0.3:
    dependencies:
      fill-range: 7.1.1

  caniuse-lite@1.0.30001653: {}

  core-js@3.38.1: {}

  deepmerge@4.3.1: {}

  fast-glob@3.3.2:
    dependencies:
      '@nodelib/fs.stat': 2.0.5
      '@nodelib/fs.walk': 1.2.8
      glob-parent: 5.1.2
      merge2: 1.4.1
      micromatch: 4.0.8

  fastq@1.17.1:
    dependencies:
      reusify: 1.0.4

  fill-range@7.1.1:
    dependencies:
      to-regex-range: 5.0.1

  fsevents@2.3.3:
    optional: true

  glob-parent@5.1.2:
    dependencies:
      is-glob: 4.0.3

  is-extglob@2.1.1: {}

  is-glob@4.0.3:
    dependencies:
      is-extglob: 2.1.1

  is-number@7.0.0: {}

  merge2@1.4.1: {}

  micromatch@4.0.8:
    dependencies:
      braces: 3.0.3
      picomatch: 2.3.1

  minimist@1.2.8: {}

  picocolors@1.0.1: {}

  picomatch@2.3.1: {}

  queue-microtask@1.2.3: {}

  reusify@1.0.4: {}

  rsbuild-plugin-dts@0.0.3(@rsbuild/core@1.0.1-beta.16)(typescript@5.5.4):
    dependencies:
      '@rsbuild/core': 1.0.1-beta.16
      fast-glob: 3.3.2
      picocolors: 1.0.1
    optionalDependencies:
      typescript: 5.5.4

  rslog@1.2.2: {}

  run-parallel@1.2.0:
    dependencies:
      queue-microtask: 1.2.3

  simple-git-hooks@2.11.1: {}

  sisteransi@1.0.5: {}

  to-regex-range@5.0.1:
    dependencies:
      is-number: 7.0.0

  tslib@2.7.0: {}

  typescript@5.5.4: {}

  undici-types@5.26.5: {}
